# THIS IS AN AUTOGENERATED FILE. DO NOT EDIT THIS FILE DIRECTLY.
# yarn lockfile v1


workbox-core@^5.0.0:
  version "5.0.0"
  resolved "https://registry.yarnpkg.com/workbox-core/-/workbox-core-5.0.0.tgz#3cc95d172381c0fd0d762562a3cc49743e3093fa"
  integrity sha512-vzUKj0Ac5l2IC66pnbIeXOjzoR/FfYaQR/q3ZWriLTEy7i7nbPPOVLGnaJbpAoEfPrlRjVysX7HIs9PRaZswig==

workbox-precaching@^5.0.0:
  version "5.0.0"
  resolved "https://registry.yarnpkg.com/workbox-precaching/-/workbox-precaching-5.0.0.tgz#fda00def2121dc2e3e8f59f39a80fb5ae6e1857f"
  integrity sha512-Dqb9YjPrhcjmWZg508hpxS5T1ZKKq0KmadHUpl2WUHJRYXq6XhlVDZ1l2sVmXhIDBrzpL9XlRonsdw9kx+9iuQ==
  dependencies:
    workbox-core "^5.0.0"
